
Microsoft Visual Studio Solution File, Format Version 12.00
# Visual Studio Version 16
VisualStudioVersion = 16.0.31005.135
MinimumVisualStudioVersion = 10.0.40219.1
Project("{FAE04EC0-301F-11D3-BF4B-00C04F79EFBC}") = "sommersoftware.dk", "sommersoftware.dk\sommersoftware.dk.csproj", "{ED20A40A-0DCF-495E-AEE9-622C275CE2F3}"
EndProject
Global
	GlobalSection(SolutionConfigurationPlatforms) = preSolution
		Debug|Any CPU = Debug|Any CPU
		Release|Any CPU = Release|Any CPU
	EndGlobalSection
	GlobalSection(ProjectConfigurationPlatforms) = postSolution
		{ED20A40A-0DCF-495E-AEE9-622C275CE2F3}.Debug|Any CPU.ActiveCfg = Debug|Any CPU
		{ED20A40A-0DCF-495E-AEE9-622C275CE2F3}.Debug|Any CPU.Build.0 = Debug|Any CPU
		{ED20A40A-0DCF-495E-AEE9-622C275CE2F3}.Release|Any CPU.ActiveCfg = Release|Any CPU
		{ED20A40A-0DCF-495E-AEE9-622C275CE2F3}.Release|Any CPU.Build.0 = Release|Any CPU
	EndGlobalSection
	GlobalSection(SolutionProperties) = preSolution
		HideSolutionNode = FALSE
	EndGlobalSection
	GlobalSection(ExtensibilityGlobals) = postSolution
		SolutionGuid = {519F52C0-CC10-4D11-957D-6C932412349C}
	EndGlobalSection
EndGlobal
